
Microsoft Visual Studio Solution File, Format Version 12.00
# Visual Studio Version 17
VisualStudioVersion = 17.13.35931.197 d17.13
MinimumVisualStudioVersion = 10.0.40219.1
Project("{FAE04EC0-301F-11D3-BF4B-00C04F79EFBC}") = "restaurant Chapeau", "restaurant Chapeau\restaurant Chapeau.csproj", "{B52C0FC5-5C4D-45CE-93C0-7CF0EC6C4FCC}"
EndProject
Global
	GlobalSection(SolutionConfigurationPlatforms) = preSolution
		Debug|Any CPU = Debug|Any CPU
		Release|Any CPU = Release|Any CPU
	EndGlobalSection
	GlobalSection(ProjectConfigurationPlatforms) = postSolution
		{B52C0FC5-5C4D-45CE-93C0-7CF0EC6C4FCC}.Debug|Any CPU.ActiveCfg = Debug|Any CPU
		{B52C0FC5-5C4D-45CE-93C0-7CF0EC6C4FCC}.Debug|Any CPU.Build.0 = Debug|Any CPU
		{B52C0FC5-5C4D-45CE-93C0-7CF0EC6C4FCC}.Release|Any CPU.ActiveCfg = Release|Any CPU
		{B52C0FC5-5C4D-45CE-93C0-7CF0EC6C4FCC}.Release|Any CPU.Build.0 = Release|Any CPU
	EndGlobalSection
	GlobalSection(SolutionProperties) = preSolution
		HideSolutionNode = FALSE
	EndGlobalSection
	GlobalSection(ExtensibilityGlobals) = postSolution
		SolutionGuid = {BD2818D6-3A5D-455C-880B-23367749E50A}
	EndGlobalSection
EndGlobal
